// !$*UTF8*$!
{
	archiveVersion = 1;
	classes = {
	};
	objectVersion = 55;
	objects = {

/* Begin PBXBuildFile section */
		8E1A6A5D2896B94F002062CD /* MusicBud1_0App.swift in Sources */ = {isa = PBXBuildFile; fileRef = 8E1A6A5C2896B94F002062CD /* MusicBud1_0App.swift */; };
		8E1A6A5F2896B94F002062CD /* AlbumListView.swift in Sources */ = {isa = PBXBuildFile; fileRef = 8E1A6A5E2896B94F002062CD /* AlbumListView.swift */; };
		8E1A6A612896B955002062CD /* Assets.xcassets in Resources */ = {isa = PBXBuildFile; fileRef = 8E1A6A602896B955002062CD /* Assets.xcassets */; };
		8E1A6A642896B955002062CD /* Preview Assets.xcassets in Resources */ = {isa = PBXBuildFile; fileRef = 8E1A6A632896B955002062CD /* Preview Assets.xcassets */; };
		8E49A1A62897B45C00562223 /* Album.swift in Sources */ = {isa = PBXBuildFile; fileRef = 8E49A1A52897B45C00562223 /* Album.swift */; };
		8E49A1AA2897D69600562223 /* ActivityView.swift in Sources */ = {isa = PBXBuildFile; fileRef = 8E49A1A92897D69600562223 /* ActivityView.swift */; };
		8E49A1AC2897E29900562223 /* AlbumDetailView.swift in Sources */ = {isa = PBXBuildFile; fileRef = 8E49A1AB2897E29900562223 /* AlbumDetailView.swift */; };
		8EB48281289BEFBA00BF4946 /* ReviewView.swift in Sources */ = {isa = PBXBuildFile; fileRef = 8EB48280289BEFBA00BF4946 /* ReviewView.swift */; };
		8EE850C6289BD4C10021D38B /* MapView.swift in Sources */ = {isa = PBXBuildFile; fileRef = 8EE850C5289BD4C10021D38B /* MapView.swift */; };
/* End PBXBuildFile section */

/* Begin PBXFileReference section */
		8E1A6A592896B94F002062CD /* MusicBud1.0.app */ = {isa = PBXFileReference; explicitFileType = wrapper.application; includeInIndex = 0; path = MusicBud1.0.app; sourceTree = BUILT_PRODUCTS_DIR; };
		8E1A6A5C2896B94F002062CD /* MusicBud1_0App.swift */ = {isa = PBXFileReference; lastKnownFileType = sourcecode.swift; path = MusicBud1_0App.swift; sourceTree = "<group>"; };
		8E1A6A5E2896B94F002062CD /* AlbumListView.swift */ = {isa = PBXFileReference; lastKnownFileType = sourcecode.swift; path = AlbumListView.swift; sourceTree = "<group>"; };
		8E1A6A602896B955002062CD /* Assets.xcassets */ = {isa = PBXFileReference; lastKnownFileType = folder.assetcatalog; path = Assets.xcassets; sourceTree = "<group>"; };
		8E1A6A632896B955002062CD /* Preview Assets.xcassets */ = {isa = PBXFileReference; lastKnownFileType = folder.assetcatalog; path = "Preview Assets.xcassets"; sourceTree = "<group>"; };
		8E49A1A52897B45C00562223 /* Album.swift */ = {isa = PBXFileReference; lastKnownFileType = sourcecode.swift; path = Album.swift; sourceTree = "<group>"; };
		8E49A1A92897D69600562223 /* ActivityView.swift */ = {isa = PBXFileReference; lastKnownFileType = sourcecode.swift; path = ActivityView.swift; sourceTree = "<group>"; };
		8E49A1AB2897E29900562223 /* AlbumDetailView.swift */ = {isa = PBXFileReference; lastKnownFileType = sourcecode.swift; path = AlbumDetailView.swift; sourceTree = "<group>"; };
		8EB48280289BEFBA00BF4946 /* ReviewView.swift */ = {isa = PBXFileReference; lastKnownFileType = sourcecode.swift; path = ReviewView.swift; sourceTree = "<group>"; };
		8EE850C5289BD4C10021D38B /* MapView.swift */ = {isa = PBXFileReference; lastKnownFileType = sourcecode.swift; path = MapView.swift; sourceTree = "<group>"; };
/* End PBXFileReference section */

/* Begin PBXFrameworksBuildPhase section */
		8E1A6A562896B94F002062CD /* Frameworks */ = {
			isa = PBXFrameworksBuildPhase;
			buildActionMask = 2147483647;
			files = (
			);
			runOnlyForDeploymentPostprocessing = 0;
		};
/* End PBXFrameworksBuildPhase section */

/* Begin PBXGroup section */
		8E1A6A502896B94F002062CD = {
			isa = PBXGroup;
			children = (
				8E1A6A5B2896B94F002062CD /* MusicBud1.0 */,
				8E1A6A5A2896B94F002062CD /* Products */,
			);
			sourceTree = "<group>";
		};
		8E1A6A5A2896B94F002062CD /* Products */ = {
			isa = PBXGroup;
			children = (
				8E1A6A592896B94F002062CD /* MusicBud1.0.app */,
			);
			name = Products;
			sourceTree = "<group>";
		};
		8E1A6A5B2896B94F002062CD /* MusicBud1.0 */ = {
			isa = PBXGroup;
			children = (
				8E49A1A82897C45500562223 /* Model */,
				8E49A1A72897C44000562223 /* View */,
				8E1A6A5C2896B94F002062CD /* MusicBud1_0App.swift */,
				8E1A6A602896B955002062CD /* Assets.xcassets */,
				8E1A6A622896B955002062CD /* Preview Content */,
			);
			path = MusicBud1.0;
			sourceTree = "<group>";
		};
		8E1A6A622896B955002062CD /* Preview Content */ = {
			isa = PBXGroup;
			children = (
				8E1A6A632896B955002062CD /* Preview Assets.xcassets */,
			);
			path = "Preview Content";
			sourceTree = "<group>";
		};
		8E49A1A72897C44000562223 /* View */ = {
			isa = PBXGroup;
			children = (
				8E1A6A5E2896B94F002062CD /* AlbumListView.swift */,
				8E49A1A92897D69600562223 /* ActivityView.swift */,
				8E49A1AB2897E29900562223 /* AlbumDetailView.swift */,
				8EE850C5289BD4C10021D38B /* MapView.swift */,
				8EB48280289BEFBA00BF4946 /* ReviewView.swift */,
			);
			path = View;
			sourceTree = "<group>";
		};
		8E49A1A82897C45500562223 /* Model */ = {
			isa = PBXGroup;
			children = (
				8E49A1A52897B45C00562223 /* Album.swift */,
			);
			path = Model;
			sourceTree = "<group>";
		};
/* End PBXGroup section */

/* Begin PBXNativeTarget section */
		8E1A6A582896B94F002062CD /* MusicBud1.0 */ = {
			isa = PBXNativeTarget;
			buildConfigurationList = 8E1A6A672896B955002062CD /* Build configuration list for PBXNativeTarget "MusicBud1.0" */;
			buildPhases = (
				8E1A6A552896B94F002062CD /* Sources */,
				8E1A6A562896B94F002062CD /* Frameworks */,
				8E1A6A572896B94F002062CD /* Resources */,
			);
			buildRules = (
			);
			dependencies = (
			);
			name = MusicBud1.0;
			productName = MusicBud1.0;
			productReference = 8E1A6A592896B94F002062CD /* MusicBud1.0.app */;
			productType = "com.apple.product-type.application";
		};
/* End PBXNativeTarget section */

/* Begin PBXProject section */
		8E1A6A512896B94F002062CD /* Project object */ = {
			isa = PBXProject;
			attributes = {
				BuildIndependentTargetsInParallel = 1;
				LastSwiftUpdateCheck = 1340;
				LastUpgradeCheck = 1340;
				TargetAttributes = {
					8E1A6A582896B94F002062CD = {
						CreatedOnToolsVersion = 13.4.1;
					};
				};
			};
			buildConfigurationList = 8E1A6A542896B94F002062CD /* Build configuration list for PBXProject "MusicBud1.0" */;
			compatibilityVersion = "Xcode 13.0";
			developmentRegion = en;
			hasScannedForEncodings = 0;
			knownRegions = (
				en,
				Base,
			);
			mainGroup = 8E1A6A502896B94F002062CD;
			productRefGroup = 8E1A6A5A2896B94F002062CD /* Products */;
			projectDirPath = "";
			projectRoot = "";
			targets = (
				8E1A6A582896B94F002062CD /* MusicBud1.0 */,
			);
		};
/* End PBXProject section */

/* Begin PBXResourcesBuildPhase section */
		8E1A6A572896B94F002062CD /* Resources */ = {
			isa = PBXResourcesBuildPhase;
			buildActionMask = 2147483647;
			files = (
				8E1A6A642896B955002062CD /* Preview Assets.xcassets in Resources */,
				8E1A6A612896B955002062CD /* Assets.xcassets in Resources */,
			);
			runOnlyForDeploymentPostprocessing = 0;
		};
/* End PBXResourcesBuildPhase section */

/* Begin PBXSourcesBuildPhase section */
		8E1A6A552896B94F002062CD /* Sources */ = {
			isa = PBXSourcesBuildPhase;
			buildActionMask = 2147483647;
			files = (
				8E49A1AC2897E29900562223 /* AlbumDetailView.swift in Sources */,
				8EE850C6289BD4C10021D38B /* MapView.swift in Sources */,
				8E1A6A5F2896B94F002062CD /* AlbumListView.swift in Sources */,
				8E49A1AA2897D69600562223 /* ActivityView.swift in Sources */,
				8E1A6A5D2896B94F002062CD /* MusicBud1_0App.swift in Sources */,
				8E49A1A62897B45C00562223 /* Album.swift in Sources */,
				8EB48281289BEFBA00BF4946 /* ReviewView.swift in Sources */,
			);
			runOnlyForDeploymentPostprocessing = 0;
		};
/* End PBXSourcesBuildPhase section */

/* Begin XCBuildConfiguration section */
		8E1A6A652896B955002062CD /* Debug */ = {
			isa = XCBuildConfiguration;
			buildSettings = {
				ALWAYS_SEARCH_USER_PATHS = NO;
				CLANG_ANALYZER_NONNULL = YES;
				CLANG_ANALYZER_NUMBER_OBJECT_CONVERSION = YES_AGGRESSIVE;
				CLANG_CXX_LANGUAGE_STANDARD = "gnu++17";
				CLANG_ENABLE_MODULES = YES;
				CLANG_ENABLE_OBJC_ARC = YES;
				CLANG_ENABLE_OBJC_WEAK = YES;
				CLANG_WARN_BLOCK_CAPTURE_AUTORELEASING = YES;
				CLANG_WARN_BOOL_CONVERSION = YES;
				CLANG_WARN_COMMA = YES;
				CLANG_WARN_CONSTANT_CONVERSION = YES;
				CLANG_WARN_DEPRECATED_OBJC_IMPLEMENTATIONS = YES;
				CLANG_WARN_DIRECT_OBJC_ISA_USAGE = YES_ERROR;
				CLANG_WARN_DOCUMENTATION_COMMENTS = YES;
				CLANG_WARN_EMPTY_BODY = YES;
				CLANG_WARN_ENUM_CONVERSION = YES;
				CLANG_WARN_INFINITE_RECURSION = YES;
				CLANG_WARN_INT_CONVERSION = YES;
				CLANG_WARN_NON_LITERAL_NULL_CONVERSION = YES;
				CLANG_WARN_OBJC_IMPLICIT_RETAIN_SELF = YES;
				CLANG_WARN_OBJC_LITERAL_CONVERSION = YES;
				CLANG_WARN_OBJC_ROOT_CLASS = YES_ERROR;
				CLANG_WARN_QUOTED_INCLUDE_IN_FRAMEWORK_HEADER = YES;
				CLANG_WARN_RANGE_LOOP_ANALYSIS = YES;
				CLANG_WARN_STRICT_PROTOTYPES = YES;
				CLANG_WARN_SUSPICIOUS_MOVE = YES;
				CLANG_WARN_UNGUARDED_AVAILABILITY = YES_AGGRESSIVE;
				CLANG_WARN_UNREACHABLE_CODE = YES;
				CLANG_WARN__DUPLICATE_METHOD_MATCH = YES;
				COPY_PHASE_STRIP = NO;
				DEBUG_INFORMATION_FORMAT = dwarf;
				ENABLE_STRICT_OBJC_MSGSEND = YES;
				ENABLE_TESTABILITY = YES;
				GCC_C_LANGUAGE_STANDARD = gnu11;
				GCC_DYNAMIC_NO_PIC = NO;
				GCC_NO_COMMON_BLOCKS = YES;
				GCC_OPTIMIZATION_LEVEL = 0;
				GCC_PREPROCESSOR_DEFINITIONS = (
					"DEBUG=1",
					"$(inherited)",
				);
				GCC_WARN_64_TO_32_BIT_CONVERSION = YES;
				GCC_WARN_ABOUT_RETURN_TYPE = YES_ERROR;
				GCC_WARN_UNDECLARED_SELECTOR = YES;
				GCC_WARN_UNINITIALIZED_AUTOS = YES_AGGRESSIVE;
				GCC_WARN_UNUSED_FUNCTION = YES;
				GCC_WARN_UNUSED_VARIABLE = YES;
				IPHONEOS_DEPLOYMENT_TARGET = 15.5;
				MTL_ENABLE_DEBUG_INFO = INCLUDE_SOURCE;
				MTL_FAST_MATH = YES;
				ONLY_ACTIVE_ARCH = YES;
				SDKROOT = iphoneos;
				SWIFT_ACTIVE_COMPILATION_CONDITIONS = DEBUG;
				SWIFT_OPTIMIZATION_LEVEL = "-Onone";
			};
			name = Debug;
		};
		8E1A6A662896B955002062CD /* Release */ = {
			isa = XCBuildConfiguration;
			buildSettings = {
				ALWAYS_SEARCH_USER_PATHS = NO;
				CLANG_ANALYZER_NONNULL = YES;
				CLANG_ANALYZER_NUMBER_OBJECT_CONVERSION = YES_AGGRESSIVE;
				CLANG_CXX_LANGUAGE_STANDARD = "gnu++17";
				CLANG_ENABLE_MODULES = YES;
				CLANG_ENABLE_OBJC_ARC = YES;
				CLANG_ENABLE_OBJC_WEAK = YES;
				CLANG_WARN_BLOCK_CAPTURE_AUTORELEASING = YES;
				CLANG_WARN_BOOL_CONVERSION = YES;
				CLANG_WARN_COMMA = YES;
				CLANG_WARN_CONSTANT_CONVERSION = YES;
				CLANG_WARN_DEPRECATED_OBJC_IMPLEMENTATIONS = YES;
				CLANG_WARN_DIRECT_OBJC_ISA_USAGE = YES_ERROR;
				CLANG_WARN_DOCUMENTATION_COMMENTS = YES;
				CLANG_WARN_EMPTY_BODY = YES;
				CLANG_WARN_ENUM_CONVERSION = YES;
				CLANG_WARN_INFINITE_RECURSION = YES;
				CLANG_WARN_INT_CONVERSION = YES;
				CLANG_WARN_NON_LITERAL_NULL_CONVERSION = YES;
				CLANG_WARN_OBJC_IMPLICIT_RETAIN_SELF = YES;
				CLANG_WARN_OBJC_LITERAL_CONVERSION = YES;
				CLANG_WARN_OBJC_ROOT_CLASS = YES_ERROR;
				CLANG_WARN_QUOTED_INCLUDE_IN_FRAMEWORK_HEADER = YES;
				CLANG_WARN_RANGE_LOOP_ANALYSIS = YES;
				CLANG_WARN_STRICT_PROTOTYPES = YES;
				CLANG_WARN_SUSPICIOUS_MOVE = YES;
				CLANG_WARN_UNGUARDED_AVAILABILITY = YES_AGGRESSIVE;
				CLANG_WARN_UNREACHABLE_CODE = YES;
				CLANG_WARN__DUPLICATE_METHOD_MATCH = YES;
				COPY_PHASE_STRIP = NO;
				DEBUG_INFORMATION_FORMAT = "dwarf-with-dsym";
				ENABLE_NS_ASSERTIONS = NO;
				ENABLE_STRICT_OBJC_MSGSEND = YES;
				GCC_C_LANGUAGE_STANDARD = gnu11;
				GCC_NO_COMMON_BLOCKS = YES;
				GCC_WARN_64_TO_32_BIT_CONVERSION = YES;
				GCC_WARN_ABOUT_RETURN_TYPE = YES_ERROR;
				GCC_WARN_UNDECLARED_SELECTOR = YES;
				GCC_WARN_UNINITIALIZED_AUTOS = YES_AGGRESSIVE;
				GCC_WARN_UNUSED_FUNCTION = YES;
				GCC_WARN_UNUSED_VARIABLE = YES;
				IPHONEOS_DEPLOYMENT_TARGET = 15.5;
				MTL_ENABLE_DEBUG_INFO = NO;
				MTL_FAST_MATH = YES;
				SDKROOT = iphoneos;
				SWIFT_COMPILATION_MODE = wholemodule;
				SWIFT_OPTIMIZATION_LEVEL = "-O";
				VALIDATE_PRODUCT = YES;
			};
			name = Release;
		};
		8E1A6A682896B955002062CD /* Debug */ = {
			isa = XCBuildConfiguration;
			buildSettings = {
				ASSETCATALOG_COMPILER_APPICON_NAME = AppIcon;
				ASSETCATALOG_COMPILER_GLOBAL_ACCENT_COLOR_NAME = AccentColor;
				CODE_SIGN_STYLE = Automatic;
				CURRENT_PROJECT_VERSION = 1;
				DEVELOPMENT_ASSET_PATHS = "\"MusicBud1.0/Preview Content\"";
				ENABLE_PREVIEWS = YES;
				GENERATE_INFOPLIST_FILE = YES;
				INFOPLIST_KEY_UIApplicationSceneManifest_Generation = YES;
				INFOPLIST_KEY_UIApplicationSupportsIndirectInputEvents = YES;
				INFOPLIST_KEY_UILaunchScreen_Generation = YES;
				INFOPLIST_KEY_UISupportedInterfaceOrientations_iPad = "UIInterfaceOrientationPortrait UIInterfaceOrientationPortraitUpsideDown UIInterfaceOrientationLandscapeLeft UIInterfaceOrientationLandscapeRight";
				INFOPLIST_KEY_UISupportedInterfaceOrientations_iPhone = "UIInterfaceOrientationPortrait UIInterfaceOrientationLandscapeLeft UIInterfaceOrientationLandscapeRight";
				LD_RUNPATH_SEARCH_PATHS = (
					"$(inherited)",
					"@executable_path/Frameworks",
				);
				MARKETING_VERSION = 1.0;
				PRODUCT_BUNDLE_IDENTIFIER = "com.kkrzych.MusicBud1-0";
				PRODUCT_NAME = "$(TARGET_NAME)";
				SWIFT_EMIT_LOC_STRINGS = YES;
				SWIFT_VERSION = 5.0;
				TARGETED_DEVICE_FAMILY = "1,2";
			};
			name = Debug;
		};
		8E1A6A692896B955002062CD /* Release */ = {
			isa = XCBuildConfiguration;
			buildSettings = {
				ASSETCATALOG_COMPILER_APPICON_NAME = AppIcon;
				ASSETCATALOG_COMPILER_GLOBAL_ACCENT_COLOR_NAME = AccentColor;
				CODE_SIGN_STYLE = Automatic;
				CURRENT_PROJECT_VERSION = 1;
				DEVELOPMENT_ASSET_PATHS = "\"MusicBud1.0/Preview Content\"";
				ENABLE_PREVIEWS = YES;
				GENERATE_INFOPLIST_FILE = YES;
				INFOPLIST_KEY_UIApplicationSceneManifest_Generation = YES;
				INFOPLIST_KEY_UIApplicationSupportsIndirectInputEvents = YES;
				INFOPLIST_KEY_UILaunchScreen_Generation = YES;
				INFOPLIST_KEY_UISupportedInterfaceOrientations_iPad = "UIInterfaceOrientationPortrait UIInterfaceOrientationPortraitUpsideDown UIInterfaceOrientationLandscapeLeft UIInterfaceOrientationLandscapeRight";
				INFOPLIST_KEY_UISupportedInterfaceOrientations_iPhone = "UIInterfaceOrientationPortrait UIInterfaceOrientationLandscapeLeft UIInterfaceOrientationLandscapeRight";
				LD_RUNPATH_SEARCH_PATHS = (
					"$(inherited)",
					"@executable_path/Frameworks",
				);
				MARKETING_VERSION = 1.0;
				PRODUCT_BUNDLE_IDENTIFIER = "com.kkrzych.MusicBud1-0";
				PRODUCT_NAME = "$(TARGET_NAME)";
				SWIFT_EMIT_LOC_STRINGS = YES;
				SWIFT_VERSION = 5.0;
				TARGETED_DEVICE_FAMILY = "1,2";
			};
			name = Release;
		};
/* End XCBuildConfiguration section */

/* Begin XCConfigurationList section */
		8E1A6A542896B94F002062CD /* Build configuration list for PBXProject "MusicBud1.0" */ = {
			isa = XCConfigurationList;
			buildConfigurations = (
				8E1A6A652896B955002062CD /* Debug */,
				8E1A6A662896B955002062CD /* Release */,
			);
			defaultConfigurationIsVisible = 0;
			defaultConfigurationName = Release;
		};
		8E1A6A672896B955002062CD /* Build configuration list for PBXNativeTarget "MusicBud1.0" */ = {
			isa = XCConfigurationList;
			buildConfigurations = (
				8E1A6A682896B955002062CD /* Debug */,
				8E1A6A692896B955002062CD /* Release */,
			);
			defaultConfigurationIsVisible = 0;
			defaultConfigurationName = Release;
		};
/* End XCConfigurationList section */
	};
	rootObject = 8E1A6A512896B94F002062CD /* Project object */;
}
